
Microsoft Visual Studio Solution File, Format Version 12.00
# Visual Studio Version 17
VisualStudioVersion = 17.14.36518.9 d17.14
MinimumVisualStudioVersion = 10.0.40219.1
Project("{8BC9CEB8-8B4A-11D0-8D11-00A0C91BC942}") = "Project1", "Project1\Project1.vcxproj", "{CFFFA098-C68D-40CF-BCE1-B46C2A07511C}"
EndProject
Global
	GlobalSection(SolutionConfigurationPlatforms) = preSolution
		Debug|x64 = Debug|x64
		Debug|x86 = Debug|x86
		Release|x64 = Release|x64
		Release|x86 = Release|x86
	EndGlobalSection
	GlobalSection(ProjectConfigurationPlatforms) = postSolution
		{CFFFA098-C68D-40CF-BCE1-B46C2A07511C}.Debug|x64.ActiveCfg = Debug|x64
		{CFFFA098-C68D-40CF-BCE1-B46C2A07511C}.Debug|x64.Build.0 = Debug|x64
		{CFFFA098-C68D-40CF-BCE1-B46C2A07511C}.Debug|x86.ActiveCfg = Debug|Win32
		{CFFFA098-C68D-40CF-BCE1-B46C2A07511C}.Debug|x86.Build.0 = Debug|Win32
		{CFFFA098-C68D-40CF-BCE1-B46C2A07511C}.Release|x64.ActiveCfg = Release|x64
		{CFFFA098-C68D-40CF-BCE1-B46C2A07511C}.Release|x64.Build.0 = Release|x64
		{CFFFA098-C68D-40CF-BCE1-B46C2A07511C}.Release|x86.ActiveCfg = Release|Win32
		{CFFFA098-C68D-40CF-BCE1-B46C2A07511C}.Release|x86.Build.0 = Release|Win32
	EndGlobalSection
	GlobalSection(SolutionProperties) = preSolution
		HideSolutionNode = FALSE
	EndGlobalSection
	GlobalSection(ExtensibilityGlobals) = postSolution
		SolutionGuid = {E5D9F66F-0C87-490E-BC78-62C53FAEDF9C}
	EndGlobalSection
EndGlobal
